github.com/neo4j/neo4j-go-driver/v5 v5.28.1 h1:RKWQW7wTgYAY2fU9S+9LaJ9OwRPbRc0I17tlT7nDmAY=
github.com/neo4j/neo4j-go-driver/v5 v5.28.1/go.mod h1:Vff8OwT7QpLm7L2yYr85XNWe9Rbqlbeb9asNXJTHO4k=
gopkg.in/ini.v1 v1.67.0 h1:Dgnx+6+nfE+IfzjUEISNeydPJh9AXNNsWbGP9KzCsOA=
gopkg.in/ini.v1 v1.67.0/go.mod h1:pNLf8WUiyNEtQjuu5G5vTm06TEv9tsIgeAvK8hOrP4k=
